// !$*UTF8*$!
{
	archiveVersion = 1;
	classes = {
	};
	objectVersion = 56;
	objects = {

/* Begin PBXBuildFile section */
		339FF28A2D652D9B00198E42 /* EmptyroomApp.swift in Sources */ = {isa = PBXBuildFile; fileRef = 339FF2892D652D9B00198E42 /* EmptyroomApp.swift */; };
		339FF28C2D652D9B00198E42 /* ContentView.swift in Sources */ = {isa = PBXBuildFile; fileRef = 339FF28B2D652D9B00198E42 /* ContentView.swift */; };
		339FF28E2D652D9C00198E42 /* Assets.xcassets in Resources */ = {isa = PBXBuildFile; fileRef = 339FF28D2D652D9C00198E42 /* Assets.xcassets */; };
		339FF2922D652D9C00198E42 /* Preview Assets.xcassets in Resources */ = {isa = PBXBuildFile; fileRef = 339FF2912D652D9C00198E42 /* Preview Assets.xcassets */; };
		339FF29C2D652D9C00198E42 /* EmptyroomTests.swift in Sources */ = {isa = PBXBuildFile; fileRef = 339FF29B2D652D9C00198E42 /* EmptyroomTests.swift */; };
		339FF2A62D652D9C00198E42 /* EmptyroomUITests.swift in Sources */ = {isa = PBXBuildFile; fileRef = 339FF2A52D652D9C00198E42 /* EmptyroomUITests.swift */; };
		339FF2A82D652D9C00198E42 /* EmptyroomUITestsLaunchTests.swift in Sources */ = {isa = PBXBuildFile; fileRef = 339FF2A72D652D9C00198E42 /* EmptyroomUITestsLaunchTests.swift */; };
/* End PBXBuildFile section */

/* Begin PBXContainerItemProxy section */
		339FF2982D652D9C00198E42 /* PBXContainerItemProxy */ = {
			isa = PBXContainerItemProxy;
			containerPortal = 339FF27E2D652D9B00198E42 /* Project object */;
			proxyType = 1;
			remoteGlobalIDString = 339FF2852D652D9B00198E42;
			remoteInfo = Emptyroom;
		};
		339FF2A22D652D9C00198E42 /* PBXContainerItemProxy */ = {
			isa = PBXContainerItemProxy;
			containerPortal = 339FF27E2D652D9B00198E42 /* Project object */;
			proxyType = 1;
			remoteGlobalIDString = 339FF2852D652D9B00198E42;
			remoteInfo = Emptyroom;
		};
/* End PBXContainerItemProxy section */

/* Begin PBXFileReference section */
		339FF2862D652D9B00198E42 /* Emptyroom.app */ = {isa = PBXFileReference; explicitFileType = wrapper.application; includeInIndex = 0; path = Emptyroom.app; sourceTree = BUILT_PRODUCTS_DIR; };
		339FF2892D652D9B00198E42 /* EmptyroomApp.swift */ = {isa = PBXFileReference; lastKnownFileType = sourcecode.swift; path = EmptyroomApp.swift; sourceTree = "<group>"; };
		339FF28B2D652D9B00198E42 /* ContentView.swift */ = {isa = PBXFileReference; lastKnownFileType = sourcecode.swift; path = ContentView.swift; sourceTree = "<group>"; };
		339FF28D2D652D9C00198E42 /* Assets.xcassets */ = {isa = PBXFileReference; lastKnownFileType = folder.assetcatalog; path = Assets.xcassets; sourceTree = "<group>"; };
		339FF28F2D652D9C00198E42 /* Emptyroom.entitlements */ = {isa = PBXFileReference; lastKnownFileType = text.plist.entitlements; path = Emptyroom.entitlements; sourceTree = "<group>"; };
		339FF2912D652D9C00198E42 /* Preview Assets.xcassets */ = {isa = PBXFileReference; lastKnownFileType = folder.assetcatalog; path = "Preview Assets.xcassets"; sourceTree = "<group>"; };
		339FF2972D652D9C00198E42 /* EmptyroomTests.xctest */ = {isa = PBXFileReference; explicitFileType = wrapper.cfbundle; includeInIndex = 0; path = EmptyroomTests.xctest; sourceTree = BUILT_PRODUCTS_DIR; };
		339FF29B2D652D9C00198E42 /* EmptyroomTests.swift */ = {isa = PBXFileReference; lastKnownFileType = sourcecode.swift; path = EmptyroomTests.swift; sourceTree = "<group>"; };
		339FF2A12D652D9C00198E42 /* EmptyroomUITests.xctest */ = {isa = PBXFileReference; explicitFileType = wrapper.cfbundle; includeInIndex = 0; path = EmptyroomUITests.xctest; sourceTree = BUILT_PRODUCTS_DIR; };
		339FF2A52D652D9C00198E42 /* EmptyroomUITests.swift */ = {isa = PBXFileReference; lastKnownFileType = sourcecode.swift; path = EmptyroomUITests.swift; sourceTree = "<group>"; };
		339FF2A72D652D9C00198E42 /* EmptyroomUITestsLaunchTests.swift */ = {isa = PBXFileReference; lastKnownFileType = sourcecode.swift; path = EmptyroomUITestsLaunchTests.swift; sourceTree = "<group>"; };
/* End PBXFileReference section */

/* Begin PBXFrameworksBuildPhase section */
		339FF2832D652D9B00198E42 /* Frameworks */ = {
			isa = PBXFrameworksBuildPhase;
			buildActionMask = 2147483647;
			files = (
			);
			runOnlyForDeploymentPostprocessing = 0;
		};
		339FF2942D652D9C00198E42 /* Frameworks */ = {
			isa = PBXFrameworksBuildPhase;
			buildActionMask = 2147483647;
			files = (
			);
			runOnlyForDeploymentPostprocessing = 0;
		};
		339FF29E2D652D9C00198E42 /* Frameworks */ = {
			isa = PBXFrameworksBuildPhase;
			buildActionMask = 2147483647;
			files = (
			);
			runOnlyForDeploymentPostprocessing = 0;
		};
/* End PBXFrameworksBuildPhase section */

/* Begin PBXGroup section */
		339FF27D2D652D9B00198E42 = {
			isa = PBXGroup;
			children = (
				339FF2882D652D9B00198E42 /* Emptyroom */,
				339FF29A2D652D9C00198E42 /* EmptyroomTests */,
				339FF2A42D652D9C00198E42 /* EmptyroomUITests */,
				339FF2872D652D9B00198E42 /* Products */,
			);
			sourceTree = "<group>";
		};
		339FF2872D652D9B00198E42 /* Products */ = {
			isa = PBXGroup;
			children = (
				339FF2862D652D9B00198E42 /* Emptyroom.app */,
				339FF2972D652D9C00198E42 /* EmptyroomTests.xctest */,
				339FF2A12D652D9C00198E42 /* EmptyroomUITests.xctest */,
			);
			name = Products;
			sourceTree = "<group>";
		};
		339FF2882D652D9B00198E42 /* Emptyroom */ = {
			isa = PBXGroup;
			children = (
				339FF2892D652D9B00198E42 /* EmptyroomApp.swift */,
				339FF28B2D652D9B00198E42 /* ContentView.swift */,
				339FF28D2D652D9C00198E42 /* Assets.xcassets */,
				339FF28F2D652D9C00198E42 /* Emptyroom.entitlements */,
				339FF2902D652D9C00198E42 /* Preview Content */,
			);
			path = Emptyroom;
			sourceTree = "<group>";
		};
		339FF2902D652D9C00198E42 /* Preview Content */ = {
			isa = PBXGroup;
			children = (
				339FF2912D652D9C00198E42 /* Preview Assets.xcassets */,
			);
			path = "Preview Content";
			sourceTree = "<group>";
		};
		339FF29A2D652D9C00198E42 /* EmptyroomTests */ = {
			isa = PBXGroup;
			children = (
				339FF29B2D652D9C00198E42 /* EmptyroomTests.swift */,
			);
			path = EmptyroomTests;
			sourceTree = "<group>";
		};
		339FF2A42D652D9C00198E42 /* EmptyroomUITests */ = {
			isa = PBXGroup;
			children = (
				339FF2A52D652D9C00198E42 /* EmptyroomUITests.swift */,
				339FF2A72D652D9C00198E42 /* EmptyroomUITestsLaunchTests.swift */,
			);
			path = EmptyroomUITests;
			sourceTree = "<group>";
		};
/* End PBXGroup section */

/* Begin PBXNativeTarget section */
		339FF2852D652D9B00198E42 /* Emptyroom */ = {
			isa = PBXNativeTarget;
			buildConfigurationList = 339FF2AB2D652D9C00198E42 /* Build configuration list for PBXNativeTarget "Emptyroom" */;
			buildPhases = (
				339FF2822D652D9B00198E42 /* Sources */,
				339FF2832D652D9B00198E42 /* Frameworks */,
				339FF2842D652D9B00198E42 /* Resources */,
			);
			buildRules = (
			);
			dependencies = (
			);
			name = Emptyroom;
			productName = Emptyroom;
			productReference = 339FF2862D652D9B00198E42 /* Emptyroom.app */;
			productType = "com.apple.product-type.application";
		};
		339FF2962D652D9C00198E42 /* EmptyroomTests */ = {
			isa = PBXNativeTarget;
			buildConfigurationList = 339FF2AE2D652D9C00198E42 /* Build configuration list for PBXNativeTarget "EmptyroomTests" */;
			buildPhases = (
				339FF2932D652D9C00198E42 /* Sources */,
				339FF2942D652D9C00198E42 /* Frameworks */,
				339FF2952D652D9C00198E42 /* Resources */,
			);
			buildRules = (
			);
			dependencies = (
				339FF2992D652D9C00198E42 /* PBXTargetDependency */,
			);
			name = EmptyroomTests;
			productName = EmptyroomTests;
			productReference = 339FF2972D652D9C00198E42 /* EmptyroomTests.xctest */;
			productType = "com.apple.product-type.bundle.unit-test";
		};
		339FF2A02D652D9C00198E42 /* EmptyroomUITests */ = {
			isa = PBXNativeTarget;
			buildConfigurationList = 339FF2B12D652D9C00198E42 /* Build configuration list for PBXNativeTarget "EmptyroomUITests" */;
			buildPhases = (
				339FF29D2D652D9C00198E42 /* Sources */,
				339FF29E2D652D9C00198E42 /* Frameworks */,
				339FF29F2D652D9C00198E42 /* Resources */,
			);
			buildRules = (
			);
			dependencies = (
				339FF2A32D652D9C00198E42 /* PBXTargetDependency */,
			);
			name = EmptyroomUITests;
			productName = EmptyroomUITests;
			productReference = 339FF2A12D652D9C00198E42 /* EmptyroomUITests.xctest */;
			productType = "com.apple.product-type.bundle.ui-testing";
		};
/* End PBXNativeTarget section */

/* Begin PBXProject section */
		339FF27E2D652D9B00198E42 /* Project object */ = {
			isa = PBXProject;
			attributes = {
				BuildIndependentTargetsInParallel = 1;
				LastSwiftUpdateCheck = 1540;
				LastUpgradeCheck = 1540;
				TargetAttributes = {
					339FF2852D652D9B00198E42 = {
						CreatedOnToolsVersion = 15.4;
					};
					339FF2962D652D9C00198E42 = {
						CreatedOnToolsVersion = 15.4;
						TestTargetID = 339FF2852D652D9B00198E42;
					};
					339FF2A02D652D9C00198E42 = {
						CreatedOnToolsVersion = 15.4;
						TestTargetID = 339FF2852D652D9B00198E42;
					};
				};
			};
			buildConfigurationList = 339FF2812D652D9B00198E42 /* Build configuration list for PBXProject "Emptyroom" */;
			compatibilityVersion = "Xcode 14.0";
			developmentRegion = en;
			hasScannedForEncodings = 0;
			knownRegions = (
				en,
				Base,
			);
			mainGroup = 339FF27D2D652D9B00198E42;
			productRefGroup = 339FF2872D652D9B00198E42 /* Products */;
			projectDirPath = "";
			projectRoot = "";
			targets = (
				339FF2852D652D9B00198E42 /* Emptyroom */,
				339FF2962D652D9C00198E42 /* EmptyroomTests */,
				339FF2A02D652D9C00198E42 /* EmptyroomUITests */,
			);
		};
/* End PBXProject section */

/* Begin PBXResourcesBuildPhase section */
		339FF2842D652D9B00198E42 /* Resources */ = {
			isa = PBXResourcesBuildPhase;
			buildActionMask = 2147483647;
			files = (
				339FF2922D652D9C00198E42 /* Preview Assets.xcassets in Resources */,
				339FF28E2D652D9C00198E42 /* Assets.xcassets in Resources */,
			);
			runOnlyForDeploymentPostprocessing = 0;
		};
		339FF2952D652D9C00198E42 /* Resources */ = {
			isa = PBXResourcesBuildPhase;
			buildActionMask = 2147483647;
			files = (
			);
			runOnlyForDeploymentPostprocessing = 0;
		};
		339FF29F2D652D9C00198E42 /* Resources */ = {
			isa = PBXResourcesBuildPhase;
			buildActionMask = 2147483647;
			files = (
			);
			runOnlyForDeploymentPostprocessing = 0;
		};
/* End PBXResourcesBuildPhase section */

/* Begin PBXSourcesBuildPhase section */
		339FF2822D652D9B00198E42 /* Sources */ = {
			isa = PBXSourcesBuildPhase;
			buildActionMask = 2147483647;
			files = (
				339FF28C2D652D9B00198E42 /* ContentView.swift in Sources */,
				339FF28A2D652D9B00198E42 /* EmptyroomApp.swift in Sources */,
			);
			runOnlyForDeploymentPostprocessing = 0;
		};
		339FF2932D652D9C00198E42 /* Sources */ = {
			isa = PBXSourcesBuildPhase;
			buildActionMask = 2147483647;
			files = (
				339FF29C2D652D9C00198E42 /* EmptyroomTests.swift in Sources */,
			);
			runOnlyForDeploymentPostprocessing = 0;
		};
		339FF29D2D652D9C00198E42 /* Sources */ = {
			isa = PBXSourcesBuildPhase;
			buildActionMask = 2147483647;
			files = (
				339FF2A62D652D9C00198E42 /* EmptyroomUITests.swift in Sources */,
				339FF2A82D652D9C00198E42 /* EmptyroomUITestsLaunchTests.swift in Sources */,
			);
			runOnlyForDeploymentPostprocessing = 0;
		};
/* End PBXSourcesBuildPhase section */

/* Begin PBXTargetDependency section */
		339FF2992D652D9C00198E42 /* PBXTargetDependency */ = {
			isa = PBXTargetDependency;
			target = 339FF2852D652D9B00198E42 /* Emptyroom */;
			targetProxy = 339FF2982D652D9C00198E42 /* PBXContainerItemProxy */;
		};
		339FF2A32D652D9C00198E42 /* PBXTargetDependency */ = {
			isa = PBXTargetDependency;
			target = 339FF2852D652D9B00198E42 /* Emptyroom */;
			targetProxy = 339FF2A22D652D9C00198E42 /* PBXContainerItemProxy */;
		};
/* End PBXTargetDependency section */

/* Begin XCBuildConfiguration section */
		339FF2A92D652D9C00198E42 /* Debug */ = {
			isa = XCBuildConfiguration;
			buildSettings = {
				ALWAYS_SEARCH_USER_PATHS = NO;
				ASSETCATALOG_COMPILER_GENERATE_SWIFT_ASSET_SYMBOL_EXTENSIONS = YES;
				CLANG_ANALYZER_NONNULL = YES;
				CLANG_ANALYZER_NUMBER_OBJECT_CONVERSION = YES_AGGRESSIVE;
				CLANG_CXX_LANGUAGE_STANDARD = "gnu++20";
				CLANG_ENABLE_MODULES = YES;
				CLANG_ENABLE_OBJC_ARC = YES;
				CLANG_ENABLE_OBJC_WEAK = YES;
				CLANG_WARN_BLOCK_CAPTURE_AUTORELEASING = YES;
				CLANG_WARN_BOOL_CONVERSION = YES;
				CLANG_WARN_COMMA = YES;
				CLANG_WARN_CONSTANT_CONVERSION = YES;
				CLANG_WARN_DEPRECATED_OBJC_IMPLEMENTATIONS = YES;
				CLANG_WARN_DIRECT_OBJC_ISA_USAGE = YES_ERROR;
				CLANG_WARN_DOCUMENTATION_COMMENTS = YES;
				CLANG_WARN_EMPTY_BODY = YES;
				CLANG_WARN_ENUM_CONVERSION = YES;
				CLANG_WARN_INFINITE_RECURSION = YES;
				CLANG_WARN_INT_CONVERSION = YES;
				CLANG_WARN_NON_LITERAL_NULL_CONVERSION = YES;
				CLANG_WARN_OBJC_IMPLICIT_RETAIN_SELF = YES;
				CLANG_WARN_OBJC_LITERAL_CONVERSION = YES;
				CLANG_WARN_OBJC_ROOT_CLASS = YES_ERROR;
				CLANG_WARN_QUOTED_INCLUDE_IN_FRAMEWORK_HEADER = YES;
				CLANG_WARN_RANGE_LOOP_ANALYSIS = YES;
				CLANG_WARN_STRICT_PROTOTYPES = YES;
				CLANG_WARN_SUSPICIOUS_MOVE = YES;
				CLANG_WARN_UNGUARDED_AVAILABILITY = YES_AGGRESSIVE;
				CLANG_WARN_UNREACHABLE_CODE = YES;
				CLANG_WARN__DUPLICATE_METHOD_MATCH = YES;
				COPY_PHASE_STRIP = NO;
				DEBUG_INFORMATION_FORMAT = dwarf;
				ENABLE_STRICT_OBJC_MSGSEND = YES;
				ENABLE_TESTABILITY = YES;
				ENABLE_USER_SCRIPT_SANDBOXING = YES;
				GCC_C_LANGUAGE_STANDARD = gnu17;
				GCC_DYNAMIC_NO_PIC = NO;
				GCC_NO_COMMON_BLOCKS = YES;
				GCC_OPTIMIZATION_LEVEL = 0;
				GCC_PREPROCESSOR_DEFINITIONS = (
					"DEBUG=1",
					"$(inherited)",
				);
				GCC_WARN_64_TO_32_BIT_CONVERSION = YES;
				GCC_WARN_ABOUT_RETURN_TYPE = YES_ERROR;
				GCC_WARN_UNDECLARED_SELECTOR = YES;
				GCC_WARN_UNINITIALIZED_AUTOS = YES_AGGRESSIVE;
				GCC_WARN_UNUSED_FUNCTION = YES;
				GCC_WARN_UNUSED_VARIABLE = YES;
				LOCALIZATION_PREFERS_STRING_CATALOGS = YES;
				MTL_ENABLE_DEBUG_INFO = INCLUDE_SOURCE;
				MTL_FAST_MATH = YES;
				ONLY_ACTIVE_ARCH = YES;
				SWIFT_ACTIVE_COMPILATION_CONDITIONS = "DEBUG $(inherited)";
				SWIFT_OPTIMIZATION_LEVEL = "-Onone";
			};
			name = Debug;
		};
		339FF2AA2D652D9C00198E42 /* Release */ = {
			isa = XCBuildConfiguration;
			buildSettings = {
				ALWAYS_SEARCH_USER_PATHS = NO;
				ASSETCATALOG_COMPILER_GENERATE_SWIFT_ASSET_SYMBOL_EXTENSIONS = YES;
				CLANG_ANALYZER_NONNULL = YES;
				CLANG_ANALYZER_NUMBER_OBJECT_CONVERSION = YES_AGGRESSIVE;
				CLANG_CXX_LANGUAGE_STANDARD = "gnu++20";
				CLANG_ENABLE_MODULES = YES;
				CLANG_ENABLE_OBJC_ARC = YES;
				CLANG_ENABLE_OBJC_WEAK = YES;
				CLANG_WARN_BLOCK_CAPTURE_AUTORELEASING = YES;
				CLANG_WARN_BOOL_CONVERSION = YES;
				CLANG_WARN_COMMA = YES;
				CLANG_WARN_CONSTANT_CONVERSION = YES;
				CLANG_WARN_DEPRECATED_OBJC_IMPLEMENTATIONS = YES;
				CLANG_WARN_DIRECT_OBJC_ISA_USAGE = YES_ERROR;
				CLANG_WARN_DOCUMENTATION_COMMENTS = YES;
				CLANG_WARN_EMPTY_BODY = YES;
				CLANG_WARN_ENUM_CONVERSION = YES;
				CLANG_WARN_INFINITE_RECURSION = YES;
				CLANG_WARN_INT_CONVERSION = YES;
				CLANG_WARN_NON_LITERAL_NULL_CONVERSION = YES;
				CLANG_WARN_OBJC_IMPLICIT_RETAIN_SELF = YES;
				CLANG_WARN_OBJC_LITERAL_CONVERSION = YES;
				CLANG_WARN_OBJC_ROOT_CLASS = YES_ERROR;
				CLANG_WARN_QUOTED_INCLUDE_IN_FRAMEWORK_HEADER = YES;
				CLANG_WARN_RANGE_LOOP_ANALYSIS = YES;
				CLANG_WARN_STRICT_PROTOTYPES = YES;
				CLANG_WARN_SUSPICIOUS_MOVE = YES;
				CLANG_WARN_UNGUARDED_AVAILABILITY = YES_AGGRESSIVE;
				CLANG_WARN_UNREACHABLE_CODE = YES;
				CLANG_WARN__DUPLICATE_METHOD_MATCH = YES;
				COPY_PHASE_STRIP = NO;
				DEBUG_INFORMATION_FORMAT = "dwarf-with-dsym";
				ENABLE_NS_ASSERTIONS = NO;
				ENABLE_STRICT_OBJC_MSGSEND = YES;
				ENABLE_USER_SCRIPT_SANDBOXING = YES;
				GCC_C_LANGUAGE_STANDARD = gnu17;
				GCC_NO_COMMON_BLOCKS = YES;
				GCC_WARN_64_TO_32_BIT_CONVERSION = YES;
				GCC_WARN_ABOUT_RETURN_TYPE = YES_ERROR;
				GCC_WARN_UNDECLARED_SELECTOR = YES;
				GCC_WARN_UNINITIALIZED_AUTOS = YES_AGGRESSIVE;
				GCC_WARN_UNUSED_FUNCTION = YES;
				GCC_WARN_UNUSED_VARIABLE = YES;
				LOCALIZATION_PREFERS_STRING_CATALOGS = YES;
				MTL_ENABLE_DEBUG_INFO = NO;
				MTL_FAST_MATH = YES;
				SWIFT_COMPILATION_MODE = wholemodule;
			};
			name = Release;
		};
		339FF2AC2D652D9C00198E42 /* Debug */ = {
			isa = XCBuildConfiguration;
			buildSettings = {
				ASSETCATALOG_COMPILER_APPICON_NAME = AppIcon;
				ASSETCATALOG_COMPILER_GLOBAL_ACCENT_COLOR_NAME = AccentColor;
				CODE_SIGN_ENTITLEMENTS = Emptyroom/Emptyroom.entitlements;
				CODE_SIGN_STYLE = Automatic;
				CURRENT_PROJECT_VERSION = 1;
				DEVELOPMENT_ASSET_PATHS = "\"Emptyroom/Preview Content\"";
				ENABLE_PREVIEWS = YES;
				GENERATE_INFOPLIST_FILE = YES;
				"INFOPLIST_KEY_UIApplicationSceneManifest_Generation[sdk=iphoneos*]" = YES;
				"INFOPLIST_KEY_UIApplicationSceneManifest_Generation[sdk=iphonesimulator*]" = YES;
				"INFOPLIST_KEY_UIApplicationSupportsIndirectInputEvents[sdk=iphoneos*]" = YES;
				"INFOPLIST_KEY_UIApplicationSupportsIndirectInputEvents[sdk=iphonesimulator*]" = YES;
				"INFOPLIST_KEY_UILaunchScreen_Generation[sdk=iphoneos*]" = YES;
				"INFOPLIST_KEY_UILaunchScreen_Generation[sdk=iphonesimulator*]" = YES;
				"INFOPLIST_KEY_UIStatusBarStyle[sdk=iphoneos*]" = UIStatusBarStyleDefault;
				"INFOPLIST_KEY_UIStatusBarStyle[sdk=iphonesimulator*]" = UIStatusBarStyleDefault;
				INFOPLIST_KEY_UISupportedInterfaceOrientations_iPad = "UIInterfaceOrientationPortrait UIInterfaceOrientationPortraitUpsideDown UIInterfaceOrientationLandscapeLeft UIInterfaceOrientationLandscapeRight";
				INFOPLIST_KEY_UISupportedInterfaceOrientations_iPhone = "UIInterfaceOrientationPortrait UIInterfaceOrientationLandscapeLeft UIInterfaceOrientationLandscapeRight";
				IPHONEOS_DEPLOYMENT_TARGET = 17.5;
				LD_RUNPATH_SEARCH_PATHS = "@executable_path/Frameworks";
				"LD_RUNPATH_SEARCH_PATHS[sdk=macosx*]" = "@executable_path/../Frameworks";
				MACOSX_DEPLOYMENT_TARGET = 14.2;
				MARKETING_VERSION = 1.0;
				PRODUCT_BUNDLE_IDENTIFIER = egr302.Emptyroom;
				PRODUCT_NAME = "$(TARGET_NAME)";
				SDKROOT = auto;
				SUPPORTED_PLATFORMS = "iphoneos iphonesimulator macosx";
				SWIFT_EMIT_LOC_STRINGS = YES;
				SWIFT_VERSION = 5.0;
				TARGETED_DEVICE_FAMILY = "1,2";
			};
			name = Debug;
		};
		339FF2AD2D652D9C00198E42 /* Release */ = {
			isa = XCBuildConfiguration;
			buildSettings = {
				ASSETCATALOG_COMPILER_APPICON_NAME = AppIcon;
				ASSETCATALOG_COMPILER_GLOBAL_ACCENT_COLOR_NAME = AccentColor;
				CODE_SIGN_ENTITLEMENTS = Emptyroom/Emptyroom.entitlements;
				CODE_SIGN_STYLE = Automatic;
				CURRENT_PROJECT_VERSION = 1;
				DEVELOPMENT_ASSET_PATHS = "\"Emptyroom/Preview Content\"";
				ENABLE_PREVIEWS = YES;
				GENERATE_INFOPLIST_FILE = YES;
				"INFOPLIST_KEY_UIApplicationSceneManifest_Generation[sdk=iphoneos*]" = YES;
				"INFOPLIST_KEY_UIApplicationSceneManifest_Generation[sdk=iphonesimulator*]" = YES;
				"INFOPLIST_KEY_UIApplicationSupportsIndirectInputEvents[sdk=iphoneos*]" = YES;
				"INFOPLIST_KEY_UIApplicationSupportsIndirectInputEvents[sdk=iphonesimulator*]" = YES;
				"INFOPLIST_KEY_UILaunchScreen_Generation[sdk=iphoneos*]" = YES;
				"INFOPLIST_KEY_UILaunchScreen_Generation[sdk=iphonesimulator*]" = YES;
				"INFOPLIST_KEY_UIStatusBarStyle[sdk=iphoneos*]" = UIStatusBarStyleDefault;
				"INFOPLIST_KEY_UIStatusBarStyle[sdk=iphonesimulator*]" = UIStatusBarStyleDefault;
				INFOPLIST_KEY_UISupportedInterfaceOrientations_iPad = "UIInterfaceOrientationPortrait UIInterfaceOrientationPortraitUpsideDown UIInterfaceOrientationLandscapeLeft UIInterfaceOrientationLandscapeRight";
				INFOPLIST_KEY_UISupportedInterfaceOrientations_iPhone = "UIInterfaceOrientationPortrait UIInterfaceOrientationLandscapeLeft UIInterfaceOrientationLandscapeRight";
				IPHONEOS_DEPLOYMENT_TARGET = 17.5;
				LD_RUNPATH_SEARCH_PATHS = "@executable_path/Frameworks";
				"LD_RUNPATH_SEARCH_PATHS[sdk=macosx*]" = "@executable_path/../Frameworks";
				MACOSX_DEPLOYMENT_TARGET = 14.2;
				MARKETING_VERSION = 1.0;
				PRODUCT_BUNDLE_IDENTIFIER = egr302.Emptyroom;
				PRODUCT_NAME = "$(TARGET_NAME)";
				SDKROOT = auto;
				SUPPORTED_PLATFORMS = "iphoneos iphonesimulator macosx";
				SWIFT_EMIT_LOC_STRINGS = YES;
				SWIFT_VERSION = 5.0;
				TARGETED_DEVICE_FAMILY = "1,2";
			};
			name = Release;
		};
		339FF2AF2D652D9C00198E42 /* Debug */ = {
			isa = XCBuildConfiguration;
			buildSettings = {
				ALWAYS_EMBED_SWIFT_STANDARD_LIBRARIES = YES;
				BUNDLE_LOADER = "$(TEST_HOST)";
				CODE_SIGN_STYLE = Automatic;
				CURRENT_PROJECT_VERSION = 1;
				GENERATE_INFOPLIST_FILE = YES;
				IPHONEOS_DEPLOYMENT_TARGET = 17.5;
				MACOSX_DEPLOYMENT_TARGET = 14.2;
				MARKETING_VERSION = 1.0;
				PRODUCT_BUNDLE_IDENTIFIER = egr302.EmptyroomTests;
				PRODUCT_NAME = "$(TARGET_NAME)";
				SDKROOT = auto;
				SUPPORTED_PLATFORMS = "iphoneos iphonesimulator macosx";
				SWIFT_EMIT_LOC_STRINGS = NO;
				SWIFT_VERSION = 5.0;
				TARGETED_DEVICE_FAMILY = "1,2";
				TEST_HOST = "$(BUILT_PRODUCTS_DIR)/Emptyroom.app/$(BUNDLE_EXECUTABLE_FOLDER_PATH)/Emptyroom";
			};
			name = Debug;
		};
		339FF2B02D652D9C00198E42 /* Release */ = {
			isa = XCBuildConfiguration;
			buildSettings = {
				ALWAYS_EMBED_SWIFT_STANDARD_LIBRARIES = YES;
				BUNDLE_LOADER = "$(TEST_HOST)";
				CODE_SIGN_STYLE = Automatic;
				CURRENT_PROJECT_VERSION = 1;
				GENERATE_INFOPLIST_FILE = YES;
				IPHONEOS_DEPLOYMENT_TARGET = 17.5;
				MACOSX_DEPLOYMENT_TARGET = 14.2;
				MARKETING_VERSION = 1.0;
				PRODUCT_BUNDLE_IDENTIFIER = egr302.EmptyroomTests;
				PRODUCT_NAME = "$(TARGET_NAME)";
				SDKROOT = auto;
				SUPPORTED_PLATFORMS = "iphoneos iphonesimulator macosx";
				SWIFT_EMIT_LOC_STRINGS = NO;
				SWIFT_VERSION = 5.0;
				TARGETED_DEVICE_FAMILY = "1,2";
				TEST_HOST = "$(BUILT_PRODUCTS_DIR)/Emptyroom.app/$(BUNDLE_EXECUTABLE_FOLDER_PATH)/Emptyroom";
			};
			name = Release;
		};
		339FF2B22D652D9C00198E42 /* Debug */ = {
			isa = XCBuildConfiguration;
			buildSettings = {
				ALWAYS_EMBED_SWIFT_STANDARD_LIBRARIES = YES;
				CODE_SIGN_STYLE = Automatic;
				CURRENT_PROJECT_VERSION = 1;
				GENERATE_INFOPLIST_FILE = YES;
				IPHONEOS_DEPLOYMENT_TARGET = 17.5;
				MACOSX_DEPLOYMENT_TARGET = 14.2;
				MARKETING_VERSION = 1.0;
				PRODUCT_BUNDLE_IDENTIFIER = egr302.EmptyroomUITests;
				PRODUCT_NAME = "$(TARGET_NAME)";
				SDKROOT = auto;
				SUPPORTED_PLATFORMS = "iphoneos iphonesimulator macosx";
				SWIFT_EMIT_LOC_STRINGS = NO;
				SWIFT_VERSION = 5.0;
				TARGETED_DEVICE_FAMILY = "1,2";
				TEST_TARGET_NAME = Emptyroom;
			};
			name = Debug;
		};
		339FF2B32D652D9C00198E42 /* Release */ = {
			isa = XCBuildConfiguration;
			buildSettings = {
				ALWAYS_EMBED_SWIFT_STANDARD_LIBRARIES = YES;
				CODE_SIGN_STYLE = Automatic;
				CURRENT_PROJECT_VERSION = 1;
				GENERATE_INFOPLIST_FILE = YES;
				IPHONEOS_DEPLOYMENT_TARGET = 17.5;
				MACOSX_DEPLOYMENT_TARGET = 14.2;
				MARKETING_VERSION = 1.0;
				PRODUCT_BUNDLE_IDENTIFIER = egr302.EmptyroomUITests;
				PRODUCT_NAME = "$(TARGET_NAME)";
				SDKROOT = auto;
				SUPPORTED_PLATFORMS = "iphoneos iphonesimulator macosx";
				SWIFT_EMIT_LOC_STRINGS = NO;
				SWIFT_VERSION = 5.0;
				TARGETED_DEVICE_FAMILY = "1,2";
				TEST_TARGET_NAME = Emptyroom;
			};
			name = Release;
		};
/* End XCBuildConfiguration section */

/* Begin XCConfigurationList section */
		339FF2812D652D9B00198E42 /* Build configuration list for PBXProject "Emptyroom" */ = {
			isa = XCConfigurationList;
			buildConfigurations = (
				339FF2A92D652D9C00198E42 /* Debug */,
				339FF2AA2D652D9C00198E42 /* Release */,
			);
			defaultConfigurationIsVisible = 0;
			defaultConfigurationName = Release;
		};
		339FF2AB2D652D9C00198E42 /* Build configuration list for PBXNativeTarget "Emptyroom" */ = {
			isa = XCConfigurationList;
			buildConfigurations = (
				339FF2AC2D652D9C00198E42 /* Debug */,
				339FF2AD2D652D9C00198E42 /* Release */,
			);
			defaultConfigurationIsVisible = 0;
			defaultConfigurationName = Release;
		};
		339FF2AE2D652D9C00198E42 /* Build configuration list for PBXNativeTarget "EmptyroomTests" */ = {
			isa = XCConfigurationList;
			buildConfigurations = (
				339FF2AF2D652D9C00198E42 /* Debug */,
				339FF2B02D652D9C00198E42 /* Release */,
			);
			defaultConfigurationIsVisible = 0;
			defaultConfigurationName = Release;
		};
		339FF2B12D652D9C00198E42 /* Build configuration list for PBXNativeTarget "EmptyroomUITests" */ = {
			isa = XCConfigurationList;
			buildConfigurations = (
				339FF2B22D652D9C00198E42 /* Debug */,
				339FF2B32D652D9C00198E42 /* Release */,
			);
			defaultConfigurationIsVisible = 0;
			defaultConfigurationName = Release;
		};
/* End XCConfigurationList section */
	};
	rootObject = 339FF27E2D652D9B00198E42 /* Project object */;
}
